
Microsoft Visual Studio Solution File, Format Version 12.00
# Visual Studio Version 17
VisualStudioVersion = 17.5.002.0
MinimumVisualStudioVersion = 10.0.40219.1
Project("{9A19103F-16F7-4668-BE54-9A1E7A4F7556}") = "subscriber_2", "subscriber_2\subscriber_2.csproj", "{CA84E536-5AB2-49FD-B617-B609FDEAAEBF}"
EndProject
Project("{9A19103F-16F7-4668-BE54-9A1E7A4F7556}") = "publisher_1", "publisher_1\publisher_1.csproj", "{2609A2E1-50A3-4BA9-9C48-C2BD4CB4DEA5}"
EndProject
Project("{9A19103F-16F7-4668-BE54-9A1E7A4F7556}") = "publisher_3", "publisher_3\publisher_3.csproj", "{9756F5E1-37BD-4C0F-BCE8-CAFC26C5AAA8}"
EndProject
Global
	GlobalSection(SolutionConfigurationPlatforms) = preSolution
		Debug|Any CPU = Debug|Any CPU
		Release|Any CPU = Release|Any CPU
	EndGlobalSection
	GlobalSection(ProjectConfigurationPlatforms) = postSolution
		{CA84E536-5AB2-49FD-B617-B609FDEAAEBF}.Debug|Any CPU.ActiveCfg = Debug|Any CPU
		{CA84E536-5AB2-49FD-B617-B609FDEAAEBF}.Debug|Any CPU.Build.0 = Debug|Any CPU
		{CA84E536-5AB2-49FD-B617-B609FDEAAEBF}.Release|Any CPU.ActiveCfg = Release|Any CPU
		{CA84E536-5AB2-49FD-B617-B609FDEAAEBF}.Release|Any CPU.Build.0 = Release|Any CPU
		{2609A2E1-50A3-4BA9-9C48-C2BD4CB4DEA5}.Debug|Any CPU.ActiveCfg = Debug|Any CPU
		{2609A2E1-50A3-4BA9-9C48-C2BD4CB4DEA5}.Debug|Any CPU.Build.0 = Debug|Any CPU
		{2609A2E1-50A3-4BA9-9C48-C2BD4CB4DEA5}.Release|Any CPU.ActiveCfg = Release|Any CPU
		{2609A2E1-50A3-4BA9-9C48-C2BD4CB4DEA5}.Release|Any CPU.Build.0 = Release|Any CPU
		{9756F5E1-37BD-4C0F-BCE8-CAFC26C5AAA8}.Debug|Any CPU.ActiveCfg = Debug|Any CPU
		{9756F5E1-37BD-4C0F-BCE8-CAFC26C5AAA8}.Debug|Any CPU.Build.0 = Debug|Any CPU
		{9756F5E1-37BD-4C0F-BCE8-CAFC26C5AAA8}.Release|Any CPU.ActiveCfg = Release|Any CPU
		{9756F5E1-37BD-4C0F-BCE8-CAFC26C5AAA8}.Release|Any CPU.Build.0 = Release|Any CPU
	EndGlobalSection
	GlobalSection(SolutionProperties) = preSolution
		HideSolutionNode = FALSE
	EndGlobalSection
	GlobalSection(ExtensibilityGlobals) = postSolution
		SolutionGuid = {5A615360-F90E-45A5-80FA-6F35AF6D7DF0}
	EndGlobalSection
EndGlobal
